<?xml version="1.0" encoding="utf-8"?>
<Project ToolsVersion="4.0" xmlns="http://schemas.microsoft.com/developer/msbuild/2003">
  <ItemGroup>
    <Filter Include="Source files">
      <UniqueIdentifier>{ab13dfc1-fa97-436c-8927-6928159c3ec9}</UniqueIdentifier>
      <Extensions>cpp;c;cc;cxx;def;odl;idl;hpj;bat;asm;asmx</Extensions>
    </Filter>
    <Filter Include="Header files">
      <UniqueIdentifier>{33c7a749-2947-445d-89d8-d265ec5c9806}</UniqueIdentifier>
      <Extensions>h;hpp;hxx;hm;inl;inc;xsd</Extensions>
    </Filter>
    <Filter Include="Make files">
      <UniqueIdentifier>{8bc5612f-1104-487a-964c-ceb2dbefcc24}</UniqueIdentifier>
      <Extensions>*.mak</Extensions>
    </Filter>
    <Filter Include="VisualGDB settings">
      <UniqueIdentifier>{453f2ace-5947-46f1-b821-aeab2c27fdc5}</UniqueIdentifier>
      <Extensions>*.vgdbsettings</Extensions>
    </Filter>
    <Filter Include="Source files\Device-specific files">
      <UniqueIdentifier>{b93f6a02-874f-4ded-8a56-4c38dccf5753}</UniqueIdentifier>
    </Filter>
  </ItemGroup>
  <ItemGroup>
    <None Include="Makefile" />
    <None Include="debug.mak">
      <Filter>Make files</Filter>
    </None>
    <None Include="SmartOS-Debug.vgdbsettings">
      <Filter>VisualGDB settings</Filter>
    </None>
    <None Include="release.mak">
      <Filter>Make files</Filter>
    </None>
    <None Include="SmartOS-Release.vgdbsettings">
      <Filter>VisualGDB settings</Filter>
    </None>
    <None Include="stm32.mak">
      <Filter>Source files\Device-specific files</Filter>
    </None>
    <None Include="STM32F103VE_flash.lds">
      <Filter>Make files</Filter>
    </None>
  </ItemGroup>
  <ItemGroup>
    <ClInclude Include="Drivers\74HC165.h">
      <Filter>Header files</Filter>
    </ClInclude>
    <ClInclude Include="Drivers\74HC165Monitor.h">
      <Filter>Header files</Filter>
    </ClInclude>
    <ClInclude Include="Drivers\AT24CXX.h">
      <Filter>Header files</Filter>
    </ClInclude>
    <ClInclude Include="Drivers\AT45DB.h">
      <Filter>Header files</Filter>
    </ClInclude>
    <ClInclude Include="Drivers\BH1750.h">
      <Filter>Header files</Filter>
    </ClInclude>
    <ClInclude Include="Drivers\BufferPort.h">
      <Filter>Header files</Filter>
    </ClInclude>
    <ClInclude Include="Drivers\DHT11.h">
      <Filter>Header files</Filter>
    </ClInclude>
    <ClInclude Include="Drivers\Enc28j60.h">
      <Filter>Header files</Filter>
    </ClInclude>
    <ClInclude Include="Drivers\HX711.h">
      <Filter>Header files</Filter>
    </ClInclude>
    <ClInclude Include="Drivers\nrf24l01.h">
      <Filter>Header files</Filter>
    </ClInclude>
    <ClInclude Include="Drivers\PMS5003.h">
      <Filter>Header files</Filter>
    </ClInclude>
    <ClInclude Include="Drivers\SHT30.h">
      <Filter>Header files</Filter>
    </ClInclude>
    <ClInclude Include="Drivers\ShunCom.h">
      <Filter>Header files</Filter>
    </ClInclude>
    <ClInclude Include="Drivers\Sim900A.h">
      <Filter>Header files</Filter>
    </ClInclude>
    <ClInclude Include="Drivers\UBlox.h">
      <Filter>Header files</Filter>
    </ClInclude>
    <ClInclude Include="Drivers\W5500.h">
      <Filter>Header files</Filter>
    </ClInclude>
    <ClInclude Include="Message\Controller.h">
      <Filter>Header files</Filter>
    </ClInclude>
    <ClInclude Include="Message\DataStore.h">
      <Filter>Header files</Filter>
    </ClInclude>
    <ClInclude Include="Message\Message.h">
      <Filter>Header files</Filter>
    </ClInclude>
    <ClInclude Include="Message\MessageBase.h">
      <Filter>Header files</Filter>
    </ClInclude>
    <ClInclude Include="Message\WeakStore.h">
      <Filter>Header files</Filter>
    </ClInclude>
    <ClInclude Include="Net\Blu40.h">
      <Filter>Header files</Filter>
    </ClInclude>
    <ClInclude Include="Net\Dhcp.h">
      <Filter>Header files</Filter>
    </ClInclude>
    <ClInclude Include="Net\DNS.h">
      <Filter>Header files</Filter>
    </ClInclude>
    <ClInclude Include="Net\ESP8266.h">
      <Filter>Header files</Filter>
    </ClInclude>
    <ClInclude Include="Net\Ethernet.h">
      <Filter>Header files</Filter>
    </ClInclude>
    <ClInclude Include="Net\ITransport.h">
      <Filter>Header files</Filter>
    </ClInclude>
    <ClInclude Include="Net\Net.h">
      <Filter>Header files</Filter>
    </ClInclude>
    <ClInclude Include="Net\Zigbee.h">
      <Filter>Header files</Filter>
    </ClInclude>
    <ClInclude Include="Platform\Pin.h">
      <Filter>Header files</Filter>
    </ClInclude>
    <ClInclude Include="Platform\Pin_GD32F150.h">
      <Filter>Header files</Filter>
    </ClInclude>
    <ClInclude Include="Platform\Pin_STM32F0.h">
      <Filter>Header files</Filter>
    </ClInclude>
    <ClInclude Include="Platform\Pin_STM32F1.h">
      <Filter>Header files</Filter>
    </ClInclude>
    <ClInclude Include="Platform\Pin_STM32F4.h">
      <Filter>Header files</Filter>
    </ClInclude>
    <ClInclude Include="Platform\stm32.h">
      <Filter>Header files</Filter>
    </ClInclude>
    <ClInclude Include="Security\AES.h">
      <Filter>Header files</Filter>
    </ClInclude>
    <ClInclude Include="Security\Crc.h">
      <Filter>Header files</Filter>
    </ClInclude>
    <ClInclude Include="Security\MD5.h">
      <Filter>Header files</Filter>
    </ClInclude>
    <ClInclude Include="Security\RC4.h">
      <Filter>Header files</Filter>
    </ClInclude>
    <ClInclude Include="Security\RC6.h">
      <Filter>Header files</Filter>
    </ClInclude>
    <ClInclude Include="Security\RSA.h">
      <Filter>Header files</Filter>
    </ClInclude>
    <ClInclude Include="Security\rsa_en_de.h">
      <Filter>Header files</Filter>
    </ClInclude>
    <ClInclude Include="SmartOS\gcc_Debug.h">
      <Filter>Header files</Filter>
    </ClInclude>
    <ClInclude Include="SmartOS\gcc_Release.h">
      <Filter>Header files</Filter>
    </ClInclude>
    <ClInclude Include="Storage\Storage.h">
      <Filter>Header files</Filter>
    </ClInclude>
    <ClInclude Include="TinyIP\Arp.h">
      <Filter>Header files</Filter>
    </ClInclude>
    <ClInclude Include="TinyIP\HttpClient.h">
      <Filter>Header files</Filter>
    </ClInclude>
    <ClInclude Include="TinyIP\Icmp.h">
      <Filter>Header files</Filter>
    </ClInclude>
    <ClInclude Include="TinyIP\Tcp.h">
      <Filter>Header files</Filter>
    </ClInclude>
    <ClInclude Include="TinyIP\TinyIP.h">
      <Filter>Header files</Filter>
    </ClInclude>
    <ClInclude Include="TinyIP\Udp.h">
      <Filter>Header files</Filter>
    </ClInclude>
    <ClInclude Include="TinyNet\DataMessage.h">
      <Filter>Header files</Filter>
    </ClInclude>
    <ClInclude Include="TinyNet\Device.h">
      <Filter>Header files</Filter>
    </ClInclude>
    <ClInclude Include="TinyNet\JoinMessage.h">
      <Filter>Header files</Filter>
    </ClInclude>
    <ClInclude Include="TinyNet\PingMessage.h">
      <Filter>Header files</Filter>
    </ClInclude>
    <ClInclude Include="TinyNet\Tiny.h">
      <Filter>Header files</Filter>
    </ClInclude>
    <ClInclude Include="TinyNet\TinyClient.h">
      <Filter>Header files</Filter>
    </ClInclude>
    <ClInclude Include="TinyNet\TinyConfig.h">
      <Filter>Header files</Filter>
    </ClInclude>
    <ClInclude Include="TinyNet\TinyMessage.h">
      <Filter>Header files</Filter>
    </ClInclude>
    <ClInclude Include="TinyNet\TinyServer.h">
      <Filter>Header files</Filter>
    </ClInclude>
    <ClInclude Include="TokenNet\DeviceMessage.h">
      <Filter>Header files</Filter>
    </ClInclude>
    <ClInclude Include="TokenNet\Gateway.h">
      <Filter>Header files</Filter>
    </ClInclude>
    <ClInclude Include="TokenNet\HelloMessage.h">
      <Filter>Header files</Filter>
    </ClInclude>
    <ClInclude Include="TokenNet\LoginMessage.h">
      <Filter>Header files</Filter>
    </ClInclude>
    <ClInclude Include="TokenNet\RegisterMessage.h">
      <Filter>Header files</Filter>
    </ClInclude>
    <ClInclude Include="TokenNet\Token.h">
      <Filter>Header files</Filter>
    </ClInclude>
    <ClInclude Include="TokenNet\TokenClient.h">
      <Filter>Header files</Filter>
    </ClInclude>
    <ClInclude Include="TokenNet\TokenConfig.h">
      <Filter>Header files</Filter>
    </ClInclude>
    <ClInclude Include="TokenNet\TokenMessage.h">
      <Filter>Header files</Filter>
    </ClInclude>
    <ClInclude Include="App\BlinkPort.h">
      <Filter>Header files</Filter>
    </ClInclude>
    <ClInclude Include="App\Button.h">
      <Filter>Header files</Filter>
    </ClInclude>
    <ClInclude Include="App\Button_GrayLevel.h">
      <Filter>Header files</Filter>
    </ClInclude>
    <ClInclude Include="App\Button_magnetic.h">
      <Filter>Header files</Filter>
    </ClInclude>
    <ClInclude Include="App\CommandPort.h">
      <Filter>Header files</Filter>
    </ClInclude>
    <ClInclude Include="App\FlushPort.h">
      <Filter>Header files</Filter>
    </ClInclude>
    <ClInclude Include="App\IR.h">
      <Filter>Header files</Filter>
    </ClInclude>
    <ClInclude Include="App\IRcoding.h">
      <Filter>Header files</Filter>
    </ClInclude>
    <ClInclude Include="App\Sensor.h">
      <Filter>Header files</Filter>
    </ClInclude>
    <ClInclude Include="App\Sound.h">
      <Filter>Header files</Filter>
    </ClInclude>
  </ItemGroup>
  <ItemGroup>
    <Xml Include="stm32.xml">
      <Filter>VisualGDB settings</Filter>
    </Xml>
  </ItemGroup>
  <ItemGroup>
    <ClCompile Include="ADC.cpp">
      <Filter>Source files</Filter>
    </ClCompile>
    <ClCompile Include="Config.cpp">
      <Filter>Source files</Filter>
    </ClCompile>
    <ClCompile Include="Debug.cpp">
      <Filter>Source files</Filter>
    </ClCompile>
    <ClCompile Include="Flash.cpp">
      <Filter>Source files</Filter>
    </ClCompile>
    <ClCompile Include="I2C.cpp">
      <Filter>Source files</Filter>
    </ClCompile>
    <ClCompile Include="Interrupt.cpp">
      <Filter>Source files</Filter>
    </ClCompile>
    <ClCompile Include="Port.cpp">
      <Filter>Source files</Filter>
    </ClCompile>
    <ClCompile Include="Power.cpp">
      <Filter>Source files</Filter>
    </ClCompile>
    <ClCompile Include="Queue.cpp">
      <Filter>Source files</Filter>
    </ClCompile>
    <ClCompile Include="RTC.cpp">
      <Filter>Source files</Filter>
    </ClCompile>
    <ClCompile Include="SerialPort.cpp">
      <Filter>Source files</Filter>
    </ClCompile>
    <ClCompile Include="Spi.cpp">
      <Filter>Source files</Filter>
    </ClCompile>
    <ClCompile Include="Stream.cpp">
      <Filter>Source files</Filter>
    </ClCompile>
    <ClCompile Include="String.cpp">
      <Filter>Source files</Filter>
    </ClCompile>
    <ClCompile Include="Sys.cpp">
      <Filter>Source files</Filter>
    </ClCompile>
    <ClCompile Include="Task.cpp">
      <Filter>Source files</Filter>
    </ClCompile>
    <ClCompile Include="Thread.cpp">
      <Filter>Source files</Filter>
    </ClCompile>
    <ClCompile Include="Time.cpp">
      <Filter>Source files</Filter>
    </ClCompile>
    <ClCompile Include="Timer.cpp">
      <Filter>Source files</Filter>
    </ClCompile>
    <ClCompile Include="Type.cpp">
      <Filter>Source files</Filter>
    </ClCompile>
    <ClCompile Include="WatchDog.cpp">
      <Filter>Source files</Filter>
    </ClCompile>
    <ClCompile Include="Drivers\74HC165.cpp">
      <Filter>Source files</Filter>
    </ClCompile>
    <ClCompile Include="Drivers\74HC165Monitor.cpp">
      <Filter>Source files</Filter>
    </ClCompile>
    <ClCompile Include="Drivers\AT24CXX.cpp">
      <Filter>Source files</Filter>
    </ClCompile>
    <ClCompile Include="Drivers\AT45DB.cpp">
      <Filter>Source files</Filter>
    </ClCompile>
    <ClCompile Include="Drivers\BH1750.cpp">
      <Filter>Source files</Filter>
    </ClCompile>
    <ClCompile Include="Drivers\BufferPort.cpp">
      <Filter>Source files</Filter>
    </ClCompile>
    <ClCompile Include="Drivers\DHT11.cpp">
      <Filter>Source files</Filter>
    </ClCompile>
    <ClCompile Include="Drivers\Enc28j60.cpp">
      <Filter>Source files</Filter>
    </ClCompile>
    <ClCompile Include="Drivers\HX711.cpp">
      <Filter>Source files</Filter>
    </ClCompile>
    <ClCompile Include="Drivers\NRF24L01.cpp">
      <Filter>Source files</Filter>
    </ClCompile>
    <ClCompile Include="Drivers\PMS5003.cpp">
      <Filter>Source files</Filter>
    </ClCompile>
    <ClCompile Include="Drivers\SHT30.cpp">
      <Filter>Source files</Filter>
    </ClCompile>
    <ClCompile Include="Drivers\ShunCom.cpp">
      <Filter>Source files</Filter>
    </ClCompile>
    <ClCompile Include="Drivers\Sim900A.cpp">
      <Filter>Source files</Filter>
    </ClCompile>
    <ClCompile Include="Drivers\UBlox.cpp">
      <Filter>Source files</Filter>
    </ClCompile>
    <ClCompile Include="Drivers\W5500.cpp">
      <Filter>Source files</Filter>
    </ClCompile>
    <ClCompile Include="Message\Controller.cpp">
      <Filter>Source files</Filter>
    </ClCompile>
    <ClCompile Include="Message\DataStore.cpp">
      <Filter>Source files</Filter>
    </ClCompile>
    <ClCompile Include="Message\Message.cpp">
      <Filter>Source files</Filter>
    </ClCompile>
    <ClCompile Include="Message\MessageBase.cpp">
      <Filter>Source files</Filter>
    </ClCompile>
    <ClCompile Include="Message\WeakStore.cpp">
      <Filter>Source files</Filter>
    </ClCompile>
    <ClCompile Include="Net\Blu40.cpp">
      <Filter>Source files</Filter>
    </ClCompile>
    <ClCompile Include="Net\Dhcp.cpp">
      <Filter>Source files</Filter>
    </ClCompile>
    <ClCompile Include="Net\DNS.cpp">
      <Filter>Source files</Filter>
    </ClCompile>
    <ClCompile Include="Net\ESP8266.cpp">
      <Filter>Source files</Filter>
    </ClCompile>
    <ClCompile Include="Net\ITransport.cpp">
      <Filter>Source files</Filter>
    </ClCompile>
    <ClCompile Include="Net\Net.cpp">
      <Filter>Source files</Filter>
    </ClCompile>
    <ClCompile Include="Net\Zigbee.cpp">
      <Filter>Source files</Filter>
    </ClCompile>
    <ClCompile Include="Platform\Boot_F0.cpp">
      <Filter>Source files</Filter>
    </ClCompile>
    <ClCompile Include="Platform\Boot_F1.cpp">
      <Filter>Source files</Filter>
    </ClCompile>
    <ClCompile Include="Platform\Boot_F4.cpp">
      <Filter>Source files</Filter>
    </ClCompile>
    <ClCompile Include="Platform\Boot_F150.cpp">
      <Filter>Source files</Filter>
    </ClCompile>
    <ClCompile Include="Security\AES.cpp">
      <Filter>Source files</Filter>
    </ClCompile>
    <ClCompile Include="Security\Crc.cpp">
      <Filter>Source files</Filter>
    </ClCompile>
    <ClCompile Include="Security\Crc16.cpp">
      <Filter>Source files</Filter>
    </ClCompile>
    <ClCompile Include="Security\MD5.cpp">
      <Filter>Source files</Filter>
    </ClCompile>
    <ClCompile Include="Security\RC4.cpp">
      <Filter>Source files</Filter>
    </ClCompile>
    <ClCompile Include="Security\RC6.cpp">
      <Filter>Source files</Filter>
    </ClCompile>
    <ClCompile Include="Security\RSA.cpp">
      <Filter>Source files</Filter>
    </ClCompile>
    <ClCompile Include="SmartOS\LEDBlink.cpp">
      <Filter>Source files</Filter>
    </ClCompile>
    <ClCompile Include="Storage\Storage.cpp">
      <Filter>Source files</Filter>
    </ClCompile>
    <ClCompile Include="TinyIP\Arp.cpp">
      <Filter>Source files</Filter>
    </ClCompile>
    <ClCompile Include="TinyIP\HttpClient.cpp">
      <Filter>Source files</Filter>
    </ClCompile>
    <ClCompile Include="TinyIP\Icmp.cpp">
      <Filter>Source files</Filter>
    </ClCompile>
    <ClCompile Include="TinyIP\Tcp.cpp">
      <Filter>Source files</Filter>
    </ClCompile>
    <ClCompile Include="TinyIP\TinyIP.cpp">
      <Filter>Source files</Filter>
    </ClCompile>
    <ClCompile Include="TinyIP\Udp.cpp">
      <Filter>Source files</Filter>
    </ClCompile>
    <ClCompile Include="TinyNet\DataMessage.cpp">
      <Filter>Source files</Filter>
    </ClCompile>
    <ClCompile Include="TinyNet\Device.cpp">
      <Filter>Source files</Filter>
    </ClCompile>
    <ClCompile Include="TinyNet\JoinMessage.cpp">
      <Filter>Source files</Filter>
    </ClCompile>
    <ClCompile Include="TinyNet\PingMessage.cpp">
      <Filter>Source files</Filter>
    </ClCompile>
    <ClCompile Include="TinyNet\Tiny.cpp">
      <Filter>Source files</Filter>
    </ClCompile>
    <ClCompile Include="TinyNet\TinyClient.cpp">
      <Filter>Source files</Filter>
    </ClCompile>
    <ClCompile Include="TinyNet\TinyConfig.cpp">
      <Filter>Source files</Filter>
    </ClCompile>
    <ClCompile Include="TinyNet\TinyMessage.cpp">
      <Filter>Source files</Filter>
    </ClCompile>
    <ClCompile Include="TinyNet\TinyServer.cpp">
      <Filter>Source files</Filter>
    </ClCompile>
    <ClCompile Include="TokenNet\DeviceMessage.cpp">
      <Filter>Source files</Filter>
    </ClCompile>
    <ClCompile Include="TokenNet\Gateway.cpp">
      <Filter>Source files</Filter>
    </ClCompile>
    <ClCompile Include="TokenNet\HelloMessage.cpp">
      <Filter>Source files</Filter>
    </ClCompile>
    <ClCompile Include="TokenNet\LoginMessage.cpp">
      <Filter>Source files</Filter>
    </ClCompile>
    <ClCompile Include="TokenNet\RegisterMessage.cpp">
      <Filter>Source files</Filter>
    </ClCompile>
    <ClCompile Include="TokenNet\Token.cpp">
      <Filter>Source files</Filter>
    </ClCompile>
    <ClCompile Include="TokenNet\TokenClient.cpp">
      <Filter>Source files</Filter>
    </ClCompile>
    <ClCompile Include="TokenNet\TokenConfig.cpp">
      <Filter>Source files</Filter>
    </ClCompile>
    <ClCompile Include="TokenNet\TokenMessage.cpp">
      <Filter>Source files</Filter>
    </ClCompile>
    <ClCompile Include="App\BlinkPort.cpp">
      <Filter>Source files</Filter>
    </ClCompile>
    <ClCompile Include="App\Button.cpp">
      <Filter>Source files</Filter>
    </ClCompile>
    <ClCompile Include="App\Button_GrayLevel.cpp">
      <Filter>Source files</Filter>
    </ClCompile>
    <ClCompile Include="App\Button_magnetic.cpp">
      <Filter>Source files</Filter>
    </ClCompile>
    <ClCompile Include="App\CommandPort.cpp">
      <Filter>Source files</Filter>
    </ClCompile>
    <ClCompile Include="App\FlushPort.cpp">
      <Filter>Source files</Filter>
    </ClCompile>
    <ClCompile Include="App\IR.cpp">
      <Filter>Source files</Filter>
    </ClCompile>
    <ClCompile Include="App\IRcoding.cpp">
      <Filter>Source files</Filter>
    </ClCompile>
    <ClCompile Include="App\Sensor.cpp">
      <Filter>Source files</Filter>
    </ClCompile>
    <ClCompile Include="App\Sound.cpp">
      <Filter>Source files</Filter>
    </ClCompile>
    <ClCompile Include="B:\Users\Stone\AppData\Local\VisualGDB\EmbeddedBSPs\arm-eabi\com.sysprogs.arm.stm32\STM32F1xxxx\StartupFiles\startup_stm32f103xe.c">
      <Filter>Source files\Device-specific files</Filter>
    </ClCompile>
  </ItemGroup>
</Project>